
Microsoft Visual Studio Solution File, Format Version 12.00
# Visual Studio Version 16
VisualStudioVersion = 16.0.29806.167
MinimumVisualStudioVersion = 10.0.40219.1
Project("{FAE04EC0-301F-11D3-BF4B-00C04F79EFBC}") = "Talentshow", "Talentshow.csproj", "{7D6736BF-21EF-47F9-AFA2-12F6BE1A2019}"
EndProject
Global
	GlobalSection(SolutionConfigurationPlatforms) = preSolution
		Debug|Any CPU = Debug|Any CPU
		Release|Any CPU = Release|Any CPU
	EndGlobalSection
	GlobalSection(ProjectConfigurationPlatforms) = postSolution
		{7D6736BF-21EF-47F9-AFA2-12F6BE1A2019}.Debug|Any CPU.ActiveCfg = Debug|Any CPU
		{7D6736BF-21EF-47F9-AFA2-12F6BE1A2019}.Debug|Any CPU.Build.0 = Debug|Any CPU
		{7D6736BF-21EF-47F9-AFA2-12F6BE1A2019}.Release|Any CPU.ActiveCfg = Release|Any CPU
		{7D6736BF-21EF-47F9-AFA2-12F6BE1A2019}.Release|Any CPU.Build.0 = Release|Any CPU
	EndGlobalSection
	GlobalSection(SolutionProperties) = preSolution
		HideSolutionNode = FALSE
	EndGlobalSection
	GlobalSection(ExtensibilityGlobals) = postSolution
		SolutionGuid = {059D4ED4-9E6E-4369-B69C-37434E2E3EDB}
	EndGlobalSection
EndGlobal
